version = 1
revision = 3
requires-python = ">=3.12"

[[package]]
name = "tree-sitter"
version = "0.25.2"
source = { registry = "https://pypi.org/simple" }
sdist = { url = "https://files.pythonhosted.org/packages/66/7c/0350cfc47faadc0d3cf7d8237a4e34032b3014ddf4a12ded9933e1648b55/tree-sitter-0.25.2.tar.gz", hash = "sha256:fe43c158555da46723b28b52e058ad444195afd1db3ca7720c59a254544e9c20", size = 177961, upload-time = "2025-09-25T17:37:59.751Z" }
wheels = [
    { url = "https://files.pythonhosted.org/packages/3c/9e/20c2a00a862f1c2897a436b17edb774e831b22218083b459d0d081c9db33/tree_sitter-0.25.2-cp312-cp312-macosx_10_13_x86_64.whl", hash = "sha256:ddabfff809ffc983fc9963455ba1cecc90295803e06e140a4c83e94c1fa3d960", size = 146941, upload-time = "2025-09-25T17:37:34.813Z" },
    { url = "https://files.pythonhosted.org/packages/ef/04/8512e2062e652a1016e840ce36ba1cc33258b0dcc4e500d8089b4054afec/tree_sitter-0.25.2-cp312-cp312-macosx_11_0_arm64.whl", hash = "sha256:c0c0ab5f94938a23fe81928a21cc0fac44143133ccc4eb7eeb1b92f84748331c", size = 137699, upload-time = "2025-09-25T17:37:36.349Z" },
    { url = "https://files.pythonhosted.org/packages/47/8a/d48c0414db19307b0fb3bb10d76a3a0cbe275bb293f145ee7fba2abd668e/tree_sitter-0.25.2-cp312-cp312-manylinux2014_aarch64.manylinux_2_17_aarch64.manylinux_2_28_aarch64.whl", hash = "sha256:dd12d80d91d4114ca097626eb82714618dcdfacd6a5e0955216c6485c350ef99", size = 607125, upload-time = "2025-09-25T17:37:37.725Z" },
    { url = "https://files.pythonhosted.org/packages/39/d1/b95f545e9fc5001b8a78636ef942a4e4e536580caa6a99e73dd0a02e87aa/tree_sitter-0.25.2-cp312-cp312-manylinux2014_x86_64.manylinux_2_17_x86_64.manylinux_2_28_x86_64.whl", hash = "sha256:b43a9e4c89d4d0839de27cd4d6902d33396de700e9ff4c5ab7631f277a85ead9", size = 635418, upload-time = "2025-09-25T17:37:38.922Z" },
    { url = "https://files.pythonhosted.org/packages/de/4d/b734bde3fb6f3513a010fa91f1f2875442cdc0382d6a949005cd84563d8f/tree_sitter-0.25.2-cp312-cp312-musllinux_1_2_x86_64.whl", hash = "sha256:fbb1706407c0e451c4f8cc016fec27d72d4b211fdd3173320b1ada7a6c74c3ac", size = 631250, upload-time = "2025-09-25T17:37:40.039Z" },
    { url = "https://files.pythonhosted.org/packages/46/f2/5f654994f36d10c64d50a192239599fcae46677491c8dd53e7579c35a3e3/tree_sitter-0.25.2-cp312-cp312-win_amd64.whl", hash = "sha256:6d0302550bbe4620a5dc7649517c4409d74ef18558276ce758419cf09e578897", size = 127156, upload-time = "2025-09-25T17:37:41.132Z" },
    { url = "https://files.pythonhosted.org/packages/67/23/148c468d410efcf0a9535272d81c258d840c27b34781d625f1f627e2e27d/tree_sitter-0.25.2-cp312-cp312-win_arm64.whl", hash = "sha256:0c8b6682cac77e37cfe5cf7ec388844957f48b7bd8d6321d0ca2d852994e10d5", size = 113984, upload-time = "2025-09-25T17:37:42.074Z" },
    { url = "https://files.pythonhosted.org/packages/8c/67/67492014ce32729b63d7ef318a19f9cfedd855d677de5773476caf771e96/tree_sitter-0.25.2-cp313-cp313-macosx_10_13_x86_64.whl", hash = "sha256:0628671f0de69bb279558ef6b640bcfc97864fe0026d840f872728a86cd6b6cd", size = 146926, upload-time = "2025-09-25T17:37:43.041Z" },
    { url = "https://files.pythonhosted.org/packages/4e/9c/a278b15e6b263e86c5e301c82a60923fa7c59d44f78d7a110a89a413e640/tree_sitter-0.25.2-cp313-cp313-macosx_11_0_arm64.whl", hash = "sha256:f5ddcd3e291a749b62521f71fc953f66f5fd9743973fd6dd962b092773569601", size = 137712, upload-time = "2025-09-25T17:37:44.039Z" },
    { url = "https://files.pythonhosted.org/packages/54/9a/423bba15d2bf6473ba67846ba5244b988cd97a4b1ea2b146822162256794/tree_sitter-0.25.2-cp313-cp313-manylinux2014_aarch64.manylinux_2_17_aarch64.manylinux_2_28_aarch64.whl", hash = "sha256:bd88fbb0f6c3a0f28f0a68d72df88e9755cf5215bae146f5a1bdc8362b772053", size = 607873, upload-time = "2025-09-25T17:37:45.477Z" },
    { url = "https://files.pythonhosted.org/packages/ed/4c/b430d2cb43f8badfb3a3fa9d6cd7c8247698187b5674008c9d67b2a90c8e/tree_sitter-0.25.2-cp313-cp313-manylinux2014_x86_64.manylinux_2_17_x86_64.manylinux_2_28_x86_64.whl", hash = "sha256:b878e296e63661c8e124177cc3084b041ba3f5936b43076d57c487822426f614", size = 636313, upload-time = "2025-09-25T17:37:46.68Z" },
    { url = "https://files.pythonhosted.org/packages/9d/27/5f97098dbba807331d666a0997662e82d066e84b17d92efab575d283822f/tree_sitter-0.25.2-cp313-cp313-musllinux_1_2_x86_64.whl", hash = "sha256:d77605e0d353ba3fe5627e5490f0fbfe44141bafa4478d88ef7954a61a848dae", size = 631370, upload-time = "2025-09-25T17:37:47.993Z" },
    { url = "https://files.pythonhosted.org/packages/d4/3c/87caaed663fabc35e18dc704cd0e9800a0ee2f22bd18b9cbe7c10799895d/tree_sitter-0.25.2-cp313-cp313-win_amd64.whl", hash = "sha256:463c032bd02052d934daa5f45d183e0521ceb783c2548501cf034b0beba92c9b", size = 127157, upload-time = "2025-09-25T17:37:48.967Z" },
    { url = "https://files.pythonhosted.org/packages/d5/23/f8467b408b7988aff4ea40946a4bd1a2c1a73d17156a9d039bbaff1e2ceb/tree_sitter-0.25.2-cp313-cp313-win_arm64.whl", hash = "sha256:b3f63a1796886249bd22c559a5944d64d05d43f2be72961624278eff0dcc5cb8", size = 113975, upload-time = "2025-09-25T17:37:49.922Z" },
    { url = "https://files.pythonhosted.org/packages/07/e3/d9526ba71dfbbe4eba5e51d89432b4b333a49a1e70712aa5590cd22fc74f/tree_sitter-0.25.2-cp314-cp314-macosx_10_13_x86_64.whl", hash = "sha256:65d3c931013ea798b502782acab986bbf47ba2c452610ab0776cf4a8ef150fc0", size = 146776, upload-time = "2025-09-25T17:37:50.898Z" },
    { url = "https://files.pythonhosted.org/packages/42/97/4bd4ad97f85a23011dd8a535534bb1035c4e0bac1234d58f438e15cff51f/tree_sitter-0.25.2-cp314-cp314-macosx_11_0_arm64.whl", hash = "sha256:bda059af9d621918efb813b22fb06b3fe00c3e94079c6143fcb2c565eb44cb87", size = 137732, upload-time = "2025-09-25T17:37:51.877Z" },
    { url = "https://files.pythonhosted.org/packages/b6/19/1e968aa0b1b567988ed522f836498a6a9529a74aab15f09dd9ac1e41f505/tree_sitter-0.25.2-cp314-cp314-manylinux2014_aarch64.manylinux_2_17_aarch64.manylinux_2_28_aarch64.whl", hash = "sha256:eac4e8e4c7060c75f395feec46421eb61212cb73998dbe004b7384724f3682ab", size = 609456, upload-time = "2025-09-25T17:37:52.925Z" },
    { url = "https://files.pythonhosted.org/packages/48/b6/cf08f4f20f4c9094006ef8828555484e842fc468827ad6e56011ab668dbd/tree_sitter-0.25.2-cp314-cp314-manylinux2014_x86_64.manylinux_2_17_x86_64.manylinux_2_28_x86_64.whl", hash = "sha256:260586381b23be33b6191a07cea3d44ecbd6c01aa4c6b027a0439145fcbc3358", size = 636772, upload-time = "2025-09-25T17:37:54.647Z" },
    { url = "https://files.pythonhosted.org/packages/57/e2/d42d55bf56360987c32bc7b16adb06744e425670b823fb8a5786a1cea991/tree_sitter-0.25.2-cp314-cp314-musllinux_1_2_x86_64.whl", hash = "sha256:7d2ee1acbacebe50ba0f85fff1bc05e65d877958f00880f49f9b2af38dce1af0", size = 631522, upload-time = "2025-09-25T17:37:55.833Z" },
    { url = "https://files.pythonhosted.org/packages/03/87/af9604ebe275a9345d88c3ace0cf2a1341aa3f8ef49dd9fc11662132df8a/tree_sitter-0.25.2-cp314-cp314-win_amd64.whl", hash = "sha256:4973b718fcadfb04e59e746abfbb0288694159c6aeecd2add59320c03368c721", size = 130864, upload-time = "2025-09-25T17:37:57.453Z" },
    { url = "https://files.pythonhosted.org/packages/a6/6e/e64621037357acb83d912276ffd30a859ef117f9c680f2e3cb955f47c680/tree_sitter-0.25.2-cp314-cp314-win_arm64.whl", hash = "sha256:b8d4429954a3beb3e844e2872610d2a4800ba4eb42bb1990c6a4b1949b18459f", size = 117470, upload-time = "2025-09-25T17:37:58.431Z" },
]

[[package]]
name = "tree-sitter-c-sharp"
version = "0.23.1"
source = { registry = "https://pypi.org/simple" }
sdist = { url = "https://files.pythonhosted.org/packages/22/85/a61c782afbb706a47d990eaee6977e7c2bd013771c5bf5c81c617684f286/tree_sitter_c_sharp-0.23.1.tar.gz", hash = "sha256:322e2cfd3a547a840375276b2aea3335fa6458aeac082f6c60fec3f745c967eb", size = 1317728, upload-time = "2024-11-11T05:25:32.535Z" }
wheels = [
    { url = "https://files.pythonhosted.org/packages/58/04/f6c2df4c53a588ccd88d50851155945cff8cd887bd70c175e00aaade7edf/tree_sitter_c_sharp-0.23.1-cp39-abi3-macosx_10_9_x86_64.whl", hash = "sha256:2b612a6e5bd17bb7fa2aab4bb6fc1fba45c94f09cb034ab332e45603b86e32fd", size = 372235, upload-time = "2024-11-11T05:25:19.424Z" },
    { url = "https://files.pythonhosted.org/packages/99/10/1aa9486f1e28fc22810fa92cbdc54e1051e7f5536a5e5b5e9695f609b31e/tree_sitter_c_sharp-0.23.1-cp39-abi3-macosx_11_0_arm64.whl", hash = "sha256:1a8b98f62bc53efcd4d971151950c9b9cd5cbe3bacdb0cd69fdccac63350d83e", size = 419046, upload-time = "2024-11-11T05:25:20.679Z" },
    { url = "https://files.pythonhosted.org/packages/0f/21/13df29f8fcb9ba9f209b7b413a4764b673dfd58989a0dd67e9c7e19e9c2e/tree_sitter_c_sharp-0.23.1-cp39-abi3-manylinux_2_17_aarch64.manylinux2014_aarch64.whl", hash = "sha256:986e93d845a438ec3c4416401aa98e6a6f6631d644bbbc2e43fcb915c51d255d", size = 415999, upload-time = "2024-11-11T05:25:22.359Z" },
    { url = "https://files.pythonhosted.org/packages/ca/72/fc6846795bcdae2f8aa94cc8b1d1af33d634e08be63e294ff0d6794b1efc/tree_sitter_c_sharp-0.23.1-cp39-abi3-manylinux_2_5_x86_64.manylinux1_x86_64.manylinux_2_17_x86_64.manylinux2014_x86_64.whl", hash = "sha256:a8024e466b2f5611c6dc90321f232d8584893c7fb88b75e4a831992f877616d2", size = 402830, upload-time = "2024-11-11T05:25:24.198Z" },
    { url = "https://files.pythonhosted.org/packages/fe/3a/b6028c5890ce6653807d5fa88c72232c027c6ceb480dbeb3b186d60e5971/tree_sitter_c_sharp-0.23.1-cp39-abi3-musllinux_1_2_x86_64.whl", hash = "sha256:7f9bf876866835492281d336b9e1f9626ab668737f74e914c31d285261507da7", size = 397880, upload-time = "2024-11-11T05:25:25.937Z" },
    { url = "https://files.pythonhosted.org/packages/47/d2/4facaa34b40f8104d8751746d0e1cd2ddf0beb9f1404b736b97f372bd1f3/tree_sitter_c_sharp-0.23.1-cp39-abi3-win_amd64.whl", hash = "sha256:ae9a9e859e8f44e2b07578d44f9a220d3fa25b688966708af6aa55d42abeebb3", size = 377562, upload-time = "2024-11-11T05:25:27.539Z" },
    { url = "https://files.pythonhosted.org/packages/d8/88/3cf6bd9959d94d1fec1e6a9c530c5f08ff4115a474f62aedb5fedb0f7241/tree_sitter_c_sharp-0.23.1-cp39-abi3-win_arm64.whl", hash = "sha256:c81548347a93347be4f48cb63ec7d60ef4b0efa91313330e69641e49aa5a08c5", size = 375157, upload-time = "2024-11-11T05:25:30.839Z" },
]

[[package]]
name = "tree-sitter-embedded-template"
version = "0.25.0"
source = { registry = "https://pypi.org/simple" }
sdist = { url = "https://files.pythonhosted.org/packages/fd/a7/77729fefab8b1b5690cfc54328f2f629d1c076d16daf32c96ba39d3a3a3a/tree_sitter_embedded_template-0.25.0.tar.gz", hash = "sha256:7d72d5e8a1d1d501a7c90e841b51f1449a90cc240be050e4fb85c22dab991d50", size = 14114, upload-time = "2025-08-29T00:42:51.078Z" }
wheels = [
    { url = "https://files.pythonhosted.org/packages/1f/9d/3e3c8ee0c019d3bace728300a1ca807c03df39e66cc51e9a5e7c9d1e1909/tree_sitter_embedded_template-0.25.0-cp310-abi3-macosx_10_9_x86_64.whl", hash = "sha256:fa0d06467199aeb33fb3d6fa0665bf9b7d5a32621ffdaf37fd8249f8a8050649", size = 10266, upload-time = "2025-08-29T00:42:44.148Z" },
    { url = "https://files.pythonhosted.org/packages/e8/ab/6d4e43b736b2a895d13baea3791dc8ce7245bedf4677df9e7deb22e23a2a/tree_sitter_embedded_template-0.25.0-cp310-abi3-macosx_11_0_arm64.whl", hash = "sha256:fc7aacbc2985a5d7e7fe7334f44dffe24c38fb0a8295c4188a04cf21a3d64a73", size = 10650, upload-time = "2025-08-29T00:42:45.147Z" },
    { url = "https://files.pythonhosted.org/packages/9f/97/ea3d1ea4b320fe66e0468b9f6602966e544c9fe641882484f9105e50ee0c/tree_sitter_embedded_template-0.25.0-cp310-abi3-manylinux1_x86_64.manylinux_2_28_x86_64.manylinux_2_5_x86_64.whl", hash = "sha256:a7c88c3dd8b94b3c9efe8ae071ff6b1b936a27ac5f6e651845c3b9631fa4c1c2", size = 18268, upload-time = "2025-08-29T00:42:46.03Z" },
    { url = "https://files.pythonhosted.org/packages/64/40/0f42ca894a8f7c298cf336080046ccc14c10e8f4ea46d455f640193181b2/tree_sitter_embedded_template-0.25.0-cp310-abi3-manylinux2014_aarch64.manylinux_2_17_aarch64.manylinux_2_28_aarch64.whl", hash = "sha256:025f7ca84218dcd8455efc901bdbcc2689fb694f3a636c0448e322a23d4bc96b", size = 19068, upload-time = "2025-08-29T00:42:46.699Z" },
    { url = "https://files.pythonhosted.org/packages/d0/2a/0b720bcae7c2dd0a44889c09e800a2f8eb08c496dede9f2b97683506c4c3/tree_sitter_embedded_template-0.25.0-cp310-abi3-musllinux_1_2_aarch64.whl", hash = "sha256:b5dc1aef6ffa3fae621fe037d85dd98948b597afba20df29d779c426be813ee5", size = 18518, upload-time = "2025-08-29T00:42:47.694Z" },
    { url = "https://files.pythonhosted.org/packages/14/8a/d745071afa5e8bdf5b381cf84c4dc6be6c79dee6af8e0ff07476c3d8e4aa/tree_sitter_embedded_template-0.25.0-cp310-abi3-musllinux_1_2_x86_64.whl", hash = "sha256:d0a35cfe634c44981a516243bc039874580e02a2990669313730187ce83a5bc6", size = 18267, upload-time = "2025-08-29T00:42:48.635Z" },
    { url = "https://files.pythonhosted.org/packages/5d/74/728355e594fca140f793f234fdfec195366b6956b35754d00ea97ca18b21/tree_sitter_embedded_template-0.25.0-cp310-abi3-win_amd64.whl", hash = "sha256:3e05a4ac013d54505e75ae48e1a0e9db9aab19949fe15d9f4c7345b11a84a069", size = 13049, upload-time = "2025-08-29T00:42:49.589Z" },
    { url = "https://files.pythonhosted.org/packages/d8/de/afac475e694d0e626b0808f3c86339c349cd15c5163a6a16a53cc11cf892/tree_sitter_embedded_template-0.25.0-cp310-abi3-win_arm64.whl", hash = "sha256:2751d402179ac0e83f2065b249d8fe6df0718153f1636bcb6a02bde3e5730db9", size = 11978, upload-time = "2025-08-29T00:42:50.226Z" },
]

[[package]]
name = "tree-sitter-exploration"
version = "0.1.0"
source = { virtual = "." }
dependencies = [
    { name = "tree-sitter" },
    { name = "tree-sitter-language-pack" },
]

[package.metadata]
requires-dist = [
    { name = "tree-sitter", specifier = "==0.25.2" },
    { name = "tree-sitter-language-pack", specifier = "==0.11.0" },
]

[[package]]
name = "tree-sitter-language-pack"
version = "0.11.0"
source = { registry = "https://pypi.org/simple" }
dependencies = [
    { name = "tree-sitter" },
    { name = "tree-sitter-c-sharp" },
    { name = "tree-sitter-embedded-template" },
    { name = "tree-sitter-yaml" },
]
sdist = { url = "https://files.pythonhosted.org/packages/40/20/b21748c3386effa68bc7ab6d2bd9b78eabe391adc5797b7d37b24930f3b3/tree_sitter_language_pack-0.11.0.tar.gz", hash = "sha256:228901ce64c2b08feabfeeb687d6eb9450825bb8bd8cdf9caffffb9e7939614a", size = 49131889, upload-time = "2025-11-12T07:56:27.958Z" }
wheels = [
    { url = "https://files.pythonhosted.org/packages/61/2c/33ec4d1458db4173d49b7f273b62ed7ce2c173eee1d0331ead912d93ee6f/tree_sitter_language_pack-0.11.0-cp310-abi3-macosx_10_15_universal2.whl", hash = "sha256:58b0351dd43e6a91261ac1264e9794a83c20eb78baa839e42699499ece1667dc", size = 31473144, upload-time = "2025-11-12T07:56:15.017Z" },
    { url = "https://files.pythonhosted.org/packages/67/d9/c8335131075f84cbac955f521b5194655dd7340574b87d3611ed8583ec20/tree_sitter_language_pack-0.11.0-cp310-abi3-manylinux2014_aarch64.whl", hash = "sha256:b4205958666c597d8a1b74eb4c845764c3aebd5db3c2484c2a5d9701b3feef42", size = 19345909, upload-time = "2025-11-12T07:56:18.361Z" },
    { url = "https://files.pythonhosted.org/packages/f0/9f/ae964c062274507225e5f35262919c8d2f186eaec4ea76d1b67ba9c2f696/tree_sitter_language_pack-0.11.0-cp310-abi3-manylinux2014_x86_64.whl", hash = "sha256:d029f9dc282f66a25d35b13d23ff2cd7108cd0170b426e0c1f755892d022e68c", size = 19203423, upload-time = "2025-11-12T07:56:21.472Z" },
    { url = "https://files.pythonhosted.org/packages/82/bb/17ee0bafb1b9e24075fe528b7f8963c6855dac56ccead44bf7855af3fab8/tree_sitter_language_pack-0.11.0-cp310-abi3-win_amd64.whl", hash = "sha256:5cab767ba535c8bb09ac4c2db4b672f0ff67135083355f50713e7052fa37e6ef", size = 16188199, upload-time = "2025-11-12T07:56:24.185Z" },
]

[[package]]
name = "tree-sitter-yaml"
version = "0.7.2"
source = { registry = "https://pypi.org/simple" }
sdist = { url = "https://files.pythonhosted.org/packages/57/b6/941d356ac70c90b9d2927375259e3a4204f38f7499ec6e7e8a95b9664689/tree_sitter_yaml-0.7.2.tar.gz", hash = "sha256:756db4c09c9d9e97c81699e8f941cb8ce4e51104927f6090eefe638ee567d32c", size = 84882, upload-time = "2025-10-07T14:40:36.071Z" }
wheels = [
    { url = "https://files.pythonhosted.org/packages/38/29/c0b8dbff302c49ff4284666ffb6f2f21145006843bb4c3a9a85d0ec0b7ae/tree_sitter_yaml-0.7.2-cp310-abi3-macosx_10_9_x86_64.whl", hash = "sha256:7e269ddcfcab8edb14fbb1f1d34eed1e1e26888f78f94eedfe7cc98c60f8bc9f", size = 43898, upload-time = "2025-10-07T14:40:29.486Z" },
    { url = "https://files.pythonhosted.org/packages/18/0d/15a5add06b3932b5e4ce5f5e8e179197097decfe82a0ef000952c8b98216/tree_sitter_yaml-0.7.2-cp310-abi3-macosx_11_0_arm64.whl", hash = "sha256:0807b7966e23ddf7dddc4545216e28b5a58cdadedcecca86b8d8c74271a07870", size = 44691, upload-time = "2025-10-07T14:40:30.369Z" },
    { url = "https://files.pythonhosted.org/packages/72/92/c4b896c90d08deb8308fadbad2210fdcc4c66c44ab4292eac4e80acb4b61/tree_sitter_yaml-0.7.2-cp310-abi3-manylinux1_x86_64.manylinux_2_28_x86_64.manylinux_2_5_x86_64.whl", hash = "sha256:f1a5c60c98b6c4c037aae023569f020d0c489fad8dc26fdfd5510363c9c29a41", size = 91430, upload-time = "2025-10-07T14:40:31.16Z" },
    { url = "https://files.pythonhosted.org/packages/89/59/61f1fed31eb6d46ff080b8c0d53658cf29e10263f41ef5fe34768908037a/tree_sitter_yaml-0.7.2-cp310-abi3-manylinux2014_aarch64.manylinux_2_17_aarch64.manylinux_2_28_aarch64.whl", hash = "sha256:88636d19d0654fd24f4f242eaaafa90f6f5ebdba8a62e4b32d251ed156c51a2a", size = 92428, upload-time = "2025-10-07T14:40:31.954Z" },
    { url = "https://files.pythonhosted.org/packages/e3/62/a33a04d19b7f9a0ded780b9c9fcc6279e37c5d00b89b00425bb807a22cc2/tree_sitter_yaml-0.7.2-cp310-abi3-musllinux_1_2_aarch64.whl", hash = "sha256:1d2e8f0bb14aa4537320952d0f9607eef3021d5aada8383c34ebeece17db1e06", size = 90580, upload-time = "2025-10-07T14:40:33.037Z" },
    { url = "https://files.pythonhosted.org/packages/6c/e7/9525defa7b30792623f56b1fba9bbba361752348875b165b8975b87398fd/tree_sitter_yaml-0.7.2-cp310-abi3-musllinux_1_2_x86_64.whl", hash = "sha256:74ca712c50fc9d7dbc68cb36b4a7811d6e67a5466b5a789f19bf8dd6084ef752", size = 90455, upload-time = "2025-10-07T14:40:33.778Z" },
    { url = "https://files.pythonhosted.org/packages/4a/d6/8d1e1ace03db3b02e64e91daf21d1347941d1bbecc606a5473a1a605250d/tree_sitter_yaml-0.7.2-cp310-abi3-win_amd64.whl", hash = "sha256:7587b5ca00fc4f9a548eff649697a3b395370b2304b399ceefa2087d8a6c9186", size = 45514, upload-time = "2025-10-07T14:40:34.562Z" },
    { url = "https://files.pythonhosted.org/packages/d8/c7/dcf3ea1c4f5da9b10353b9af4455d756c92d728a8f58f03c480d3ef0ead5/tree_sitter_yaml-0.7.2-cp310-abi3-win_arm64.whl", hash = "sha256:f63c227b18e7ce7587bce124578f0bbf1f890ac63d3e3cd027417574273642c4", size = 44065, upload-time = "2025-10-07T14:40:35.337Z" },
]
